// !$*UTF8*$!
{
	archiveVersion = 1;
	classes = {
	};
	objectVersion = 48;
	objects = {

/* Begin PBXBuildFile section */
		DF5C24C31F92B1810039172C /* AppDelegate.swift in Sources */ = {isa = PBXBuildFile; fileRef = DF5C24C21F92B1810039172C /* AppDelegate.swift */; };
		DF5C24C81F92B1810039172C /* Main.storyboard in Resources */ = {isa = PBXBuildFile; fileRef = DF5C24C61F92B1810039172C /* Main.storyboard */; };
		DF5C24CA1F92B1810039172C /* Assets.xcassets in Resources */ = {isa = PBXBuildFile; fileRef = DF5C24C91F92B1810039172C /* Assets.xcassets */; };
		DF5C24CD1F92B1810039172C /* LaunchScreen.storyboard in Resources */ = {isa = PBXBuildFile; fileRef = DF5C24CB1F92B1810039172C /* LaunchScreen.storyboard */; };
		DF5C24D51F92B1950039172C /* Weather.swift in Sources */ = {isa = PBXBuildFile; fileRef = DF5C24D41F92B1950039172C /* Weather.swift */; };
		DF76305F1F93B07E007A871C /* WeatherTableViewController.swift in Sources */ = {isa = PBXBuildFile; fileRef = DF76305E1F93B07E007A871C /* WeatherTableViewController.swift */; };
		DF7630611F93B0B1007A871C /* WeatherTableViewCell.swift in Sources */ = {isa = PBXBuildFile; fileRef = DF7630601F93B0B1007A871C /* WeatherTableViewCell.swift */; };
		F103B76220876CBB009BC333 /* NetworkProcessor.swift in Sources */ = {isa = PBXBuildFile; fileRef = F103B76120876CBB009BC333 /* NetworkProcessor.swift */; };
/* End PBXBuildFile section */

/* Begin PBXFileReference section */
		DF5C24BF1F92B1810039172C /* Json CoreLocation Weather.app */ = {isa = PBXFileReference; explicitFileType = wrapper.application; includeInIndex = 0; path = "Json CoreLocation Weather.app"; sourceTree = BUILT_PRODUCTS_DIR; };
		DF5C24C21F92B1810039172C /* AppDelegate.swift */ = {isa = PBXFileReference; lastKnownFileType = sourcecode.swift; path = AppDelegate.swift; sourceTree = "<group>"; };
		DF5C24C71F92B1810039172C /* Base */ = {isa = PBXFileReference; lastKnownFileType = file.storyboard; name = Base; path = Base.lproj/Main.storyboard; sourceTree = "<group>"; };
		DF5C24C91F92B1810039172C /* Assets.xcassets */ = {isa = PBXFileReference; lastKnownFileType = folder.assetcatalog; path = Assets.xcassets; sourceTree = "<group>"; };
		DF5C24CC1F92B1810039172C /* Base */ = {isa = PBXFileReference; lastKnownFileType = file.storyboard; name = Base; path = Base.lproj/LaunchScreen.storyboard; sourceTree = "<group>"; };
		DF5C24CE1F92B1810039172C /* Info.plist */ = {isa = PBXFileReference; lastKnownFileType = text.plist.xml; path = Info.plist; sourceTree = "<group>"; };
		DF5C24D41F92B1950039172C /* Weather.swift */ = {isa = PBXFileReference; lastKnownFileType = sourcecode.swift; path = Weather.swift; sourceTree = "<group>"; };
		DF76305E1F93B07E007A871C /* WeatherTableViewController.swift */ = {isa = PBXFileReference; lastKnownFileType = sourcecode.swift; path = WeatherTableViewController.swift; sourceTree = "<group>"; };
		DF7630601F93B0B1007A871C /* WeatherTableViewCell.swift */ = {isa = PBXFileReference; lastKnownFileType = sourcecode.swift; path = WeatherTableViewCell.swift; sourceTree = "<group>"; };
		F103B76120876CBB009BC333 /* NetworkProcessor.swift */ = {isa = PBXFileReference; lastKnownFileType = sourcecode.swift; path = NetworkProcessor.swift; sourceTree = "<group>"; };
/* End PBXFileReference section */

/* Begin PBXFrameworksBuildPhase section */
		DF5C24BC1F92B1810039172C /* Frameworks */ = {
			isa = PBXFrameworksBuildPhase;
			buildActionMask = 2147483647;
			files = (
			);
			runOnlyForDeploymentPostprocessing = 0;
		};
/* End PBXFrameworksBuildPhase section */

/* Begin PBXGroup section */
		DF5C24B61F92B1810039172C = {
			isa = PBXGroup;
			children = (
				DF5C24C11F92B1810039172C /* Json CoreLocation Weather */,
				DF5C24C01F92B1810039172C /* Products */,
			);
			sourceTree = "<group>";
		};
		DF5C24C01F92B1810039172C /* Products */ = {
			isa = PBXGroup;
			children = (
				DF5C24BF1F92B1810039172C /* Json CoreLocation Weather.app */,
			);
			name = Products;
			sourceTree = "<group>";
		};
		DF5C24C11F92B1810039172C /* Json CoreLocation Weather */ = {
			isa = PBXGroup;
			children = (
				DF5C24C21F92B1810039172C /* AppDelegate.swift */,
				DF5C24C61F92B1810039172C /* Main.storyboard */,
				DF76305E1F93B07E007A871C /* WeatherTableViewController.swift */,
				DF7630601F93B0B1007A871C /* WeatherTableViewCell.swift */,
				DF5C24C91F92B1810039172C /* Assets.xcassets */,
				DF5C24CB1F92B1810039172C /* LaunchScreen.storyboard */,
				DF5C24CE1F92B1810039172C /* Info.plist */,
				F103B76120876CBB009BC333 /* NetworkProcessor.swift */,
				DF5C24D41F92B1950039172C /* Weather.swift */,
			);
			path = "Json CoreLocation Weather";
			sourceTree = "<group>";
		};
/* End PBXGroup section */

/* Begin PBXNativeTarget section */
		DF5C24BE1F92B1810039172C /* Json CoreLocation Weather */ = {
			isa = PBXNativeTarget;
			buildConfigurationList = DF5C24D11F92B1810039172C /* Build configuration list for PBXNativeTarget "Json CoreLocation Weather" */;
			buildPhases = (
				DF5C24BB1F92B1810039172C /* Sources */,
				DF5C24BC1F92B1810039172C /* Frameworks */,
				DF5C24BD1F92B1810039172C /* Resources */,
			);
			buildRules = (
			);
			dependencies = (
			);
			name = "Json CoreLocation Weather";
			productName = "Json CoreLocation Weather";
			productReference = DF5C24BF1F92B1810039172C /* Json CoreLocation Weather.app */;
			productType = "com.apple.product-type.application";
		};
/* End PBXNativeTarget section */

/* Begin PBXProject section */
		DF5C24B71F92B1810039172C /* Project object */ = {
			isa = PBXProject;
			attributes = {
				LastSwiftUpdateCheck = 0900;
				LastUpgradeCheck = 0900;
				ORGANIZATIONNAME = "Yermakov Anton";
				TargetAttributes = {
					DF5C24BE1F92B1810039172C = {
						CreatedOnToolsVersion = 9.0;
						ProvisioningStyle = Automatic;
					};
				};
			};
			buildConfigurationList = DF5C24BA1F92B1810039172C /* Build configuration list for PBXProject "Json CoreLocation Weather" */;
			compatibilityVersion = "Xcode 8.0";
			developmentRegion = en;
			hasScannedForEncodings = 0;
			knownRegions = (
				en,
				Base,
			);
			mainGroup = DF5C24B61F92B1810039172C;
			productRefGroup = DF5C24C01F92B1810039172C /* Products */;
			projectDirPath = "";
			projectRoot = "";
			targets = (
				DF5C24BE1F92B1810039172C /* Json CoreLocation Weather */,
			);
		};
/* End PBXProject section */

/* Begin PBXResourcesBuildPhase section */
		DF5C24BD1F92B1810039172C /* Resources */ = {
			isa = PBXResourcesBuildPhase;
			buildActionMask = 2147483647;
			files = (
				DF5C24CD1F92B1810039172C /* LaunchScreen.storyboard in Resources */,
				DF5C24CA1F92B1810039172C /* Assets.xcassets in Resources */,
				DF5C24C81F92B1810039172C /* Main.storyboard in Resources */,
			);
			runOnlyForDeploymentPostprocessing = 0;
		};
/* End PBXResourcesBuildPhase section */

/* Begin PBXSourcesBuildPhase section */
		DF5C24BB1F92B1810039172C /* Sources */ = {
			isa = PBXSourcesBuildPhase;
			buildActionMask = 2147483647;
			files = (
				DF7630611F93B0B1007A871C /* WeatherTableViewCell.swift in Sources */,
				DF5C24D51F92B1950039172C /* Weather.swift in Sources */,
				DF76305F1F93B07E007A871C /* WeatherTableViewController.swift in Sources */,
				DF5C24C31F92B1810039172C /* AppDelegate.swift in Sources */,
				F103B76220876CBB009BC333 /* NetworkProcessor.swift in Sources */,
			);
			runOnlyForDeploymentPostprocessing = 0;
		};
/* End PBXSourcesBuildPhase section */

/* Begin PBXVariantGroup section */
		DF5C24C61F92B1810039172C /* Main.storyboard */ = {
			isa = PBXVariantGroup;
			children = (
				DF5C24C71F92B1810039172C /* Base */,
			);
			name = Main.storyboard;
			sourceTree = "<group>";
		};
		DF5C24CB1F92B1810039172C /* LaunchScreen.storyboard */ = {
			isa = PBXVariantGroup;
			children = (
				DF5C24CC1F92B1810039172C /* Base */,
			);
			name = LaunchScreen.storyboard;
			sourceTree = "<group>";
		};
/* End PBXVariantGroup section */

/* Begin XCBuildConfiguration section */
		DF5C24CF1F92B1810039172C /* Debug */ = {
			isa = XCBuildConfiguration;
			buildSettings = {
				ALWAYS_SEARCH_USER_PATHS = NO;
				CLANG_ANALYZER_NONNULL = YES;
				CLANG_ANALYZER_NUMBER_OBJECT_CONVERSION = YES_AGGRESSIVE;
				CLANG_CXX_LANGUAGE_STANDARD = "gnu++14";
				CLANG_CXX_LIBRARY = "libc++";
				CLANG_ENABLE_MODULES = YES;
				CLANG_ENABLE_OBJC_ARC = YES;
				CLANG_WARN_BLOCK_CAPTURE_AUTORELEASING = YES;
				CLANG_WARN_BOOL_CONVERSION = YES;
				CLANG_WARN_COMMA = YES;
				CLANG_WARN_CONSTANT_CONVERSION = YES;
				CLANG_WARN_DIRECT_OBJC_ISA_USAGE = YES_ERROR;
				CLANG_WARN_DOCUMENTATION_COMMENTS = YES;
				CLANG_WARN_EMPTY_BODY = YES;
				CLANG_WARN_ENUM_CONVERSION = YES;
				CLANG_WARN_INFINITE_RECURSION = YES;
				CLANG_WARN_INT_CONVERSION = YES;
				CLANG_WARN_NON_LITERAL_NULL_CONVERSION = YES;
				CLANG_WARN_OBJC_LITERAL_CONVERSION = YES;
				CLANG_WARN_OBJC_ROOT_CLASS = YES_ERROR;
				CLANG_WARN_RANGE_LOOP_ANALYSIS = YES;
				CLANG_WARN_STRICT_PROTOTYPES = YES;
				CLANG_WARN_SUSPICIOUS_MOVE = YES;
				CLANG_WARN_UNGUARDED_AVAILABILITY = YES_AGGRESSIVE;
				CLANG_WARN_UNREACHABLE_CODE = YES;
				CLANG_WARN__DUPLICATE_METHOD_MATCH = YES;
				CODE_SIGN_IDENTITY = "iPhone Developer";
				COPY_PHASE_STRIP = NO;
				DEBUG_INFORMATION_FORMAT = dwarf;
				ENABLE_STRICT_OBJC_MSGSEND = YES;
				ENABLE_TESTABILITY = YES;
				GCC_C_LANGUAGE_STANDARD = gnu11;
				GCC_DYNAMIC_NO_PIC = NO;
				GCC_NO_COMMON_BLOCKS = YES;
				GCC_OPTIMIZATION_LEVEL = 0;
				GCC_PREPROCESSOR_DEFINITIONS = (
					"DEBUG=1",
					"$(inherited)",
				);
				GCC_WARN_64_TO_32_BIT_CONVERSION = YES;
				GCC_WARN_ABOUT_RETURN_TYPE = YES_ERROR;
				GCC_WARN_UNDECLARED_SELECTOR = YES;
				GCC_WARN_UNINITIALIZED_AUTOS = YES_AGGRESSIVE;
				GCC_WARN_UNUSED_FUNCTION = YES;
				GCC_WARN_UNUSED_VARIABLE = YES;
				IPHONEOS_DEPLOYMENT_TARGET = 11.0;
				MTL_ENABLE_DEBUG_INFO = YES;
				ONLY_ACTIVE_ARCH = YES;
				SDKROOT = iphoneos;
				SWIFT_ACTIVE_COMPILATION_CONDITIONS = DEBUG;
				SWIFT_OPTIMIZATION_LEVEL = "-Onone";
			};
			name = Debug;
		};
		DF5C24D01F92B1810039172C /* Release */ = {
			isa = XCBuildConfiguration;
			buildSettings = {
				ALWAYS_SEARCH_USER_PATHS = NO;
				CLANG_ANALYZER_NONNULL = YES;
				CLANG_ANALYZER_NUMBER_OBJECT_CONVERSION = YES_AGGRESSIVE;
				CLANG_CXX_LANGUAGE_STANDARD = "gnu++14";
				CLANG_CXX_LIBRARY = "libc++";
				CLANG_ENABLE_MODULES = YES;
				CLANG_ENABLE_OBJC_ARC = YES;
				CLANG_WARN_BLOCK_CAPTURE_AUTORELEASING = YES;
				CLANG_WARN_BOOL_CONVERSION = YES;
				CLANG_WARN_COMMA = YES;
				CLANG_WARN_CONSTANT_CONVERSION = YES;
				CLANG_WARN_DIRECT_OBJC_ISA_USAGE = YES_ERROR;
				CLANG_WARN_DOCUMENTATION_COMMENTS = YES;
				CLANG_WARN_EMPTY_BODY = YES;
				CLANG_WARN_ENUM_CONVERSION = YES;
				CLANG_WARN_INFINITE_RECURSION = YES;
				CLANG_WARN_INT_CONVERSION = YES;
				CLANG_WARN_NON_LITERAL_NULL_CONVERSION = YES;
				CLANG_WARN_OBJC_LITERAL_CONVERSION = YES;
				CLANG_WARN_OBJC_ROOT_CLASS = YES_ERROR;
				CLANG_WARN_RANGE_LOOP_ANALYSIS = YES;
				CLANG_WARN_STRICT_PROTOTYPES = YES;
				CLANG_WARN_SUSPICIOUS_MOVE = YES;
				CLANG_WARN_UNGUARDED_AVAILABILITY = YES_AGGRESSIVE;
				CLANG_WARN_UNREACHABLE_CODE = YES;
				CLANG_WARN__DUPLICATE_METHOD_MATCH = YES;
				CODE_SIGN_IDENTITY = "iPhone Developer";
				COPY_PHASE_STRIP = NO;
				DEBUG_INFORMATION_FORMAT = "dwarf-with-dsym";
				ENABLE_NS_ASSERTIONS = NO;
				ENABLE_STRICT_OBJC_MSGSEND = YES;
				GCC_C_LANGUAGE_STANDARD = gnu11;
				GCC_NO_COMMON_BLOCKS = YES;
				GCC_WARN_64_TO_32_BIT_CONVERSION = YES;
				GCC_WARN_ABOUT_RETURN_TYPE = YES_ERROR;
				GCC_WARN_UNDECLARED_SELECTOR = YES;
				GCC_WARN_UNINITIALIZED_AUTOS = YES_AGGRESSIVE;
				GCC_WARN_UNUSED_FUNCTION = YES;
				GCC_WARN_UNUSED_VARIABLE = YES;
				IPHONEOS_DEPLOYMENT_TARGET = 11.0;
				MTL_ENABLE_DEBUG_INFO = NO;
				SDKROOT = iphoneos;
				SWIFT_OPTIMIZATION_LEVEL = "-Owholemodule";
				VALIDATE_PRODUCT = YES;
			};
			name = Release;
		};
		DF5C24D21F92B1810039172C /* Debug */ = {
			isa = XCBuildConfiguration;
			buildSettings = {
				ASSETCATALOG_COMPILER_APPICON_NAME = AppIcon;
				CODE_SIGN_STYLE = Automatic;
				DEVELOPMENT_TEAM = J4VJ6DKU9Z;
				INFOPLIST_FILE = "Json CoreLocation Weather/Info.plist";
				LD_RUNPATH_SEARCH_PATHS = "$(inherited) @executable_path/Frameworks";
				PRODUCT_BUNDLE_IDENTIFIER = "Swift--Project.Json-CoreLocation-Weather";
				PRODUCT_NAME = "$(TARGET_NAME)";
				SWIFT_VERSION = 4.0;
				TARGETED_DEVICE_FAMILY = "1,2";
			};
			name = Debug;
		};
		DF5C24D31F92B1810039172C /* Release */ = {
			isa = XCBuildConfiguration;
			buildSettings = {
				ASSETCATALOG_COMPILER_APPICON_NAME = AppIcon;
				CODE_SIGN_STYLE = Automatic;
				DEVELOPMENT_TEAM = J4VJ6DKU9Z;
				INFOPLIST_FILE = "Json CoreLocation Weather/Info.plist";
				LD_RUNPATH_SEARCH_PATHS = "$(inherited) @executable_path/Frameworks";
				PRODUCT_BUNDLE_IDENTIFIER = "Swift--Project.Json-CoreLocation-Weather";
				PRODUCT_NAME = "$(TARGET_NAME)";
				SWIFT_VERSION = 4.0;
				TARGETED_DEVICE_FAMILY = "1,2";
			};
			name = Release;
		};
/* End XCBuildConfiguration section */

/* Begin XCConfigurationList section */
		DF5C24BA1F92B1810039172C /* Build configuration list for PBXProject "Json CoreLocation Weather" */ = {
			isa = XCConfigurationList;
			buildConfigurations = (
				DF5C24CF1F92B1810039172C /* Debug */,
				DF5C24D01F92B1810039172C /* Release */,
			);
			defaultConfigurationIsVisible = 0;
			defaultConfigurationName = Release;
		};
		DF5C24D11F92B1810039172C /* Build configuration list for PBXNativeTarget "Json CoreLocation Weather" */ = {
			isa = XCConfigurationList;
			buildConfigurations = (
				DF5C24D21F92B1810039172C /* Debug */,
				DF5C24D31F92B1810039172C /* Release */,
			);
			defaultConfigurationIsVisible = 0;
			defaultConfigurationName = Release;
		};
/* End XCConfigurationList section */
	};
	rootObject = DF5C24B71F92B1810039172C /* Project object */;
}
